github.com/DATA-DOG/go-sqlmock v1.5.0 h1:3T+S8K/G8Nis47S80zI64jAosS+S09XjLpX63jU3oE4=
github.com/DATA-DOG/go-sqlmock v1.5.0/go.mod h1:97Yf7f4O5U++mSSe8MioSPhuR99V4KclpWn++pD+6+o=
github.com/davecgh/go-spew v1.1.0/go.mod h1:J7Y8YcW2NihsgmVo/mv3lAwl/skON4iLHjSsI+c5H38=
github.com/davecgh/go-spew v1.1.1 h1:vj9j/u1bqnvCEfJOw19j/itn2UX346+6/SQlW0uLXUU=
github.com/davecgh/go-spew v1.1.1/go.mod h1:J7Y8YcW2NihsgmVo/mv3lAwl/skON4iLHjSsI+c5H38=
github.com/pmezard/go-difflib v1.0.0 h1:4DBwDE0NGyQoBHbLQYPwSUPoCMWR5BEzIk/f1lZqzsd=
github.com/pmezard/go-difflib v1.0.0/go.mod h1:i9UN9q4DsiL+vYNo0GjXvLaf8R833n2P0R2L60I60k8=
github.com/stretchr/objx v0.1.0/go.mod h1:hfVs0PBYOR9Ff8FygtX3RtXnXSXIuG9v054fvyUo9d4=
github.com/stretchr/testify v1.8.4 h1:CcU5rREy6vPBNvvXPHmNAl8uM6fR9H7Hh5QY6v13y20=
github.com/stretchr/testify v1.8.4/go.mod h1:sz/pkPZ0B4SWlM3S7sEaKiG8h+C6Cun6YQ7l0tLOflQ=
gopkg.in/check.v1 v0.0.0-20161208181325-20d25e280405/go.mod h1:Co6ibVJAznXc/2LbiV/0S6Tr0nOXasG8tS94hV/S880=
gopkg.in/yaml.v3 v3.0.1 h1:fxVm/GzAzEWqLHmsCy6aq9eFiPdJ8orvG7x984tN/L0=
gopkg.in/yaml.v3 v3.0.1/go.mod h1:K4uy9LHE86LYEY98Y7at+C73uSjT77C1m3V1V25VUnI=